
Microsoft Visual Studio Solution File, Format Version 12.00
# Visual Studio 15
VisualStudioVersion = 15.0.28307.572
MinimumVisualStudioVersion = 10.0.40219.1
Project("{FAE04EC0-301F-11D3-BF4B-00C04F79EFBC}") = "ProiectColectiv", "ProiectColectiv\ProiectColectiv.csproj", "{21C410AE-B266-463E-AC30-0C431D3BD7BA}"
EndProject
Global
	GlobalSection(SolutionConfigurationPlatforms) = preSolution
		Debug|Any CPU = Debug|Any CPU
		Release|Any CPU = Release|Any CPU
	EndGlobalSection
	GlobalSection(ProjectConfigurationPlatforms) = postSolution
		{21C410AE-B266-463E-AC30-0C431D3BD7BA}.Debug|Any CPU.ActiveCfg = Debug|Any CPU
		{21C410AE-B266-463E-AC30-0C431D3BD7BA}.Debug|Any CPU.Build.0 = Debug|Any CPU
		{21C410AE-B266-463E-AC30-0C431D3BD7BA}.Release|Any CPU.ActiveCfg = Release|Any CPU
		{21C410AE-B266-463E-AC30-0C431D3BD7BA}.Release|Any CPU.Build.0 = Release|Any CPU
	EndGlobalSection
	GlobalSection(SolutionProperties) = preSolution
		HideSolutionNode = FALSE
	EndGlobalSection
	GlobalSection(ExtensibilityGlobals) = postSolution
		SolutionGuid = {5CC1C134-E16E-40CB-8E86-6EF31B7109D5}
	EndGlobalSection
EndGlobal
